
Microsoft Visual Studio Solution File, Format Version 12.00
# Visual Studio 15
VisualStudioVersion = 15.0.27004.2008
MinimumVisualStudioVersion = 10.0.40219.1
Project("{FAE04EC0-301F-11D3-BF4B-00C04F79EFBC}") = "SevenBooksApplication", "SevenBooksApplication\SevenBooksApplication.csproj", "{C223C1D4-72ED-4CAA-8EF1-D88B79D9E18D}"
EndProject
Global
	GlobalSection(SolutionConfigurationPlatforms) = preSolution
		Debug|Any CPU = Debug|Any CPU
		Release|Any CPU = Release|Any CPU
	EndGlobalSection
	GlobalSection(ProjectConfigurationPlatforms) = postSolution
		{C223C1D4-72ED-4CAA-8EF1-D88B79D9E18D}.Debug|Any CPU.ActiveCfg = Debug|Any CPU
		{C223C1D4-72ED-4CAA-8EF1-D88B79D9E18D}.Debug|Any CPU.Build.0 = Debug|Any CPU
		{C223C1D4-72ED-4CAA-8EF1-D88B79D9E18D}.Release|Any CPU.ActiveCfg = Release|Any CPU
		{C223C1D4-72ED-4CAA-8EF1-D88B79D9E18D}.Release|Any CPU.Build.0 = Release|Any CPU
	EndGlobalSection
	GlobalSection(SolutionProperties) = preSolution
		HideSolutionNode = FALSE
	EndGlobalSection
	GlobalSection(ExtensibilityGlobals) = postSolution
		SolutionGuid = {0AD54E5B-3A63-475E-8AB6-972D542F618E}
	EndGlobalSection
EndGlobal
